{
  "name": "js-src",
  "version": "1.0.0",
  "lockfileVersion": 1,
  "requires": true,
  "dependencies": {
    "@types/node": {
      "version": "10.14.22",
      "resolved": "https://registry.npmjs.org/@types/node/-/node-10.14.22.tgz",
      "integrity": "sha512-9taxKC944BqoTVjE+UT3pQH0nHZlTvITwfsOZqyc+R3sfJuxaTtxWjfn1K2UlxyPcKHf0rnaXcVFrS9F9vf0bw==",
      "dev": true
    },
    "async": {
      "version": "3.1.0",
      "resolved": "https://registry.npmjs.org/async/-/async-3.1.0.tgz",
      "integrity": "sha512-4vx/aaY6j/j3Lw3fbCHNWP0pPaTCew3F6F3hYyl/tHs/ndmV1q7NW9T5yuJ2XAGwdQrP+6Wu20x06U4APo/iQQ==",
      "dev": true
    },
    "fs": {
      "version": "0.0.1-security",
      "resolved": "https://registry.npmjs.org/fs/-/fs-0.0.1-security.tgz",
      "integrity": "sha1-invTcYa23d84E/I4WLV+yq9eQdQ=",
      "dev": true
    },
    "rd": {
      "version": "2.0.1",
      "resolved": "https://registry.npmjs.org/rd/-/rd-2.0.1.tgz",
      "integrity": "sha512-/XdKU4UazUZTXFmI0dpABt8jSXPWcEyaGdk340KdHnsEOdkTctlX23aAK7ChQDn39YGNlAJr1M5uvaKt4QnpNw==",
      "dev": true,
      "requires": {
        "@types/node": "^10.3.6"
      }
    }
  }
}
